{
  "version": 4,
  "terraform_version": "1.11.4",
  "serial": 415,
  "lineage": "0b17a00d-9404-d833-45f8-c01f4e51fe44",
  "outputs": {},
  "resources": [
    {
      "module": "module.vpc",
      "mode": "managed",
      "type": "aws_internet_gateway",
      "name": "demo-gateway",
      "provider": "provider[\"registry.terraform.io/hashicorp/aws\"]",
      "instances": [
        {
          "schema_version": 0,
          "attributes": {
            "arn": "arn:aws:ec2:ap-south-1:739275445912:internet-gateway/igw-0f6e31d3b7f6522b9",
            "id": "igw-0f6e31d3b7f6522b9",
            "owner_id": "739275445912",
            "tags": {
              "Name": "demo-gatewaydemo-vpc"
            },
            "tags_all": {
              "Name": "demo-gatewaydemo-vpc"
            },
            "timeouts": null,
            "vpc_id": "vpc-0e9443e82a0d573e4"
          },
          "sensitive_attributes": [],
          "private": "eyJlMmJmYjczMC1lY2FhLTExZTYtOGY4OC0zNDM2M2JjN2M0YzAiOnsiY3JlYXRlIjoxMjAwMDAwMDAwMDAwLCJkZWxldGUiOjEyMDAwMDAwMDAwMDAsInVwZGF0ZSI6MTIwMDAwMDAwMDAwMH19",
          "dependencies": [
            "module.vpc.aws_vpc.demo-vpc"
          ]
        }
      ]
    },
    {
      "module": "module.vpc",
      "mode": "managed",
      "type": "aws_network_acl",
      "name": "demo-network-acl-private",
      "provider": "provider[\"registry.terraform.io/hashicorp/aws\"]",
      "instances": [
        {
          "schema_version": 0,
          "attributes": {
            "arn": "arn:aws:ec2:ap-south-1:739275445912:network-acl/acl-0506d3225a3ac513e",
            "egress": [
              {
                "action": "allow",
                "cidr_block": "0.0.0.0/0",
                "from_port": 0,
                "icmp_code": 0,
                "icmp_type": 0,
                "ipv6_cidr_block": "",
                "protocol": "-1",
                "rule_no": 100,
                "to_port": 0
              }
            ],
            "id": "acl-0506d3225a3ac513e",
            "ingress": [
              {
                "action": "allow",
                "cidr_block": "10.0.0.0/16",
                "from_port": 80,
                "icmp_code": 0,
                "icmp_type": 0,
                "ipv6_cidr_block": "",
                "protocol": "6",
                "rule_no": 100,
                "to_port": 80
              }
            ],
            "owner_id": "739275445912",
            "subnet_ids": [
              "subnet-09c3c7c7a13bc3277",
              "subnet-0a6b34638c3866ffa"
            ],
            "tags": {
              "Name": "demo-network-acl-public"
            },
            "tags_all": {
              "Name": "demo-network-acl-public"
            },
            "vpc_id": "vpc-0e9443e82a0d573e4"
          },
          "sensitive_attributes": [],
          "private": "bnVsbA==",
          "dependencies": [
            "module.vpc.aws_vpc.demo-vpc"
          ]
        }
      ]
    },
    {
      "module": "module.vpc",
      "mode": "managed",
      "type": "aws_network_acl",
      "name": "demo-network-acl-public",
      "provider": "provider[\"registry.terraform.io/hashicorp/aws\"]",
      "instances": [
        {
          "schema_version": 0,
          "attributes": {
            "arn": "arn:aws:ec2:ap-south-1:739275445912:network-acl/acl-0368379968accce3b",
            "egress": [
              {
                "action": "allow",
                "cidr_block": "0.0.0.0/0",
                "from_port": 0,
                "icmp_code": 0,
                "icmp_type": 0,
                "ipv6_cidr_block": "",
                "protocol": "-1",
                "rule_no": 100,
                "to_port": 0
              }
            ],
            "id": "acl-0368379968accce3b",
            "ingress": [
              {
                "action": "allow",
                "cidr_block": "0.0.0.0/0",
                "from_port": 0,
                "icmp_code": 0,
                "icmp_type": 0,
                "ipv6_cidr_block": "",
                "protocol": "-1",
                "rule_no": 100,
                "to_port": 0
              }
            ],
            "owner_id": "739275445912",
            "subnet_ids": [
              "subnet-074ad8ef5527bd73b",
              "subnet-0910c681d321aba84"
            ],
            "tags": {
              "Name": "demo-network-acl-public"
            },
            "tags_all": {
              "Name": "demo-network-acl-public"
            },
            "vpc_id": "vpc-0e9443e82a0d573e4"
          },
          "sensitive_attributes": [],
          "private": "bnVsbA==",
          "dependencies": [
            "module.vpc.aws_vpc.demo-vpc"
          ]
        }
      ]
    },
    {
      "module": "module.vpc",
      "mode": "managed",
      "type": "aws_network_acl_association",
      "name": "private_subnet_assign",
      "provider": "provider[\"registry.terraform.io/hashicorp/aws\"]",
      "instances": [
        {
          "index_key": 0,
          "schema_version": 0,
          "attributes": {
            "id": "aclassoc-010dba23cc43937f2",
            "network_acl_id": "acl-0506d3225a3ac513e",
            "subnet_id": "subnet-09c3c7c7a13bc3277"
          },
          "sensitive_attributes": [],
          "private": "bnVsbA==",
          "dependencies": [
            "module.vpc.aws_network_acl.demo-network-acl-private",
            "module.vpc.aws_subnet.demo-subnet-private",
            "module.vpc.aws_vpc.demo-vpc"
          ]
        },
        {
          "index_key": 1,
          "schema_version": 0,
          "attributes": {
            "id": "aclassoc-0b3a5b3c76ac49ad5",
            "network_acl_id": "acl-0506d3225a3ac513e",
            "subnet_id": "subnet-0a6b34638c3866ffa"
          },
          "sensitive_attributes": [],
          "private": "bnVsbA==",
          "dependencies": [
            "module.vpc.aws_network_acl.demo-network-acl-private",
            "module.vpc.aws_subnet.demo-subnet-private",
            "module.vpc.aws_vpc.demo-vpc"
          ]
        }
      ]
    },
    {
      "module": "module.vpc",
      "mode": "managed",
      "type": "aws_network_acl_association",
      "name": "public_subnet_assign",
      "provider": "provider[\"registry.terraform.io/hashicorp/aws\"]",
      "instances": [
        {
          "index_key": 0,
          "schema_version": 0,
          "attributes": {
            "id": "aclassoc-038236b6fcd7b405d",
            "network_acl_id": "acl-0368379968accce3b",
            "subnet_id": "subnet-0910c681d321aba84"
          },
          "sensitive_attributes": [],
          "private": "bnVsbA==",
          "dependencies": [
            "module.vpc.aws_network_acl.demo-network-acl-public",
            "module.vpc.aws_subnet.demo-subnet-public",
            "module.vpc.aws_vpc.demo-vpc"
          ]
        },
        {
          "index_key": 1,
          "schema_version": 0,
          "attributes": {
            "id": "aclassoc-08b93274ccdf4c756",
            "network_acl_id": "acl-0368379968accce3b",
            "subnet_id": "subnet-074ad8ef5527bd73b"
          },
          "sensitive_attributes": [],
          "private": "bnVsbA==",
          "dependencies": [
            "module.vpc.aws_network_acl.demo-network-acl-public",
            "module.vpc.aws_subnet.demo-subnet-public",
            "module.vpc.aws_vpc.demo-vpc"
          ]
        }
      ]
    },
    {
      "module": "module.vpc",
      "mode": "managed",
      "type": "aws_route_table",
      "name": "demo-private-route-table",
      "provider": "provider[\"registry.terraform.io/hashicorp/aws\"]",
      "instances": [
        {
          "schema_version": 0,
          "attributes": {
            "arn": "arn:aws:ec2:ap-south-1:739275445912:route-table/rtb-0abaa789e8c37dc3a",
            "id": "rtb-0abaa789e8c37dc3a",
            "owner_id": "739275445912",
            "propagating_vgws": [],
            "route": [
              {
                "carrier_gateway_id": "",
                "cidr_block": "10.0.0.0/16",
                "core_network_arn": "",
                "destination_prefix_list_id": "",
                "egress_only_gateway_id": "",
                "gateway_id": "local",
                "ipv6_cidr_block": "",
                "local_gateway_id": "",
                "nat_gateway_id": "",
                "network_interface_id": "",
                "transit_gateway_id": "",
                "vpc_endpoint_id": "",
                "vpc_peering_connection_id": ""
              }
            ],
            "tags": {
              "Name": "demo-private-route-table"
            },
            "tags_all": {
              "Name": "demo-private-route-table"
            },
            "timeouts": null,
            "vpc_id": "vpc-0e9443e82a0d573e4"
          },
          "sensitive_attributes": [],
          "private": "eyJlMmJmYjczMC1lY2FhLTExZTYtOGY4OC0zNDM2M2JjN2M0YzAiOnsiY3JlYXRlIjozMDAwMDAwMDAwMDAsImRlbGV0ZSI6MzAwMDAwMDAwMDAwLCJ1cGRhdGUiOjEyMDAwMDAwMDAwMH19",
          "dependencies": [
            "module.vpc.aws_vpc.demo-vpc"
          ]
        }
      ]
    },
    {
      "module": "module.vpc",
      "mode": "managed",
      "type": "aws_route_table",
      "name": "demo-public-route-table",
      "provider": "provider[\"registry.terraform.io/hashicorp/aws\"]",
      "instances": [
        {
          "schema_version": 0,
          "attributes": {
            "arn": "arn:aws:ec2:ap-south-1:739275445912:route-table/rtb-01df52465685c03f8",
            "id": "rtb-01df52465685c03f8",
            "owner_id": "739275445912",
            "propagating_vgws": [],
            "route": [
              {
                "carrier_gateway_id": "",
                "cidr_block": "0.0.0.0/0",
                "core_network_arn": "",
                "destination_prefix_list_id": "",
                "egress_only_gateway_id": "",
                "gateway_id": "igw-0f6e31d3b7f6522b9",
                "ipv6_cidr_block": "",
                "local_gateway_id": "",
                "nat_gateway_id": "",
                "network_interface_id": "",
                "transit_gateway_id": "",
                "vpc_endpoint_id": "",
                "vpc_peering_connection_id": ""
              },
              {
                "carrier_gateway_id": "",
                "cidr_block": "10.0.0.0/16",
                "core_network_arn": "",
                "destination_prefix_list_id": "",
                "egress_only_gateway_id": "",
                "gateway_id": "local",
                "ipv6_cidr_block": "",
                "local_gateway_id": "",
                "nat_gateway_id": "",
                "network_interface_id": "",
                "transit_gateway_id": "",
                "vpc_endpoint_id": "",
                "vpc_peering_connection_id": ""
              }
            ],
            "tags": {
              "Name": "demo-public-route-table"
            },
            "tags_all": {
              "Name": "demo-public-route-table"
            },
            "timeouts": null,
            "vpc_id": "vpc-0e9443e82a0d573e4"
          },
          "sensitive_attributes": [],
          "private": "eyJlMmJmYjczMC1lY2FhLTExZTYtOGY4OC0zNDM2M2JjN2M0YzAiOnsiY3JlYXRlIjozMDAwMDAwMDAwMDAsImRlbGV0ZSI6MzAwMDAwMDAwMDAwLCJ1cGRhdGUiOjEyMDAwMDAwMDAwMH19",
          "dependencies": [
            "module.vpc.aws_internet_gateway.demo-gateway",
            "module.vpc.aws_vpc.demo-vpc"
          ]
        }
      ]
    },
    {
      "module": "module.vpc",
      "mode": "managed",
      "type": "aws_route_table_association",
      "name": "private_subnet_assign",
      "provider": "provider[\"registry.terraform.io/hashicorp/aws\"]",
      "instances": [
        {
          "index_key": 0,
          "schema_version": 0,
          "attributes": {
            "gateway_id": "",
            "id": "rtbassoc-0cf3589245905e583",
            "route_table_id": "rtb-0abaa789e8c37dc3a",
            "subnet_id": "subnet-09c3c7c7a13bc3277",
            "timeouts": null
          },
          "sensitive_attributes": [],
          "private": "eyJlMmJmYjczMC1lY2FhLTExZTYtOGY4OC0zNDM2M2JjN2M0YzAiOnsiY3JlYXRlIjozMDAwMDAwMDAwMDAsImRlbGV0ZSI6MzAwMDAwMDAwMDAwLCJ1cGRhdGUiOjEyMDAwMDAwMDAwMH19",
          "dependencies": [
            "module.vpc.aws_route_table.demo-private-route-table",
            "module.vpc.aws_subnet.demo-subnet-private",
            "module.vpc.aws_vpc.demo-vpc"
          ]
        },
        {
          "index_key": 1,
          "schema_version": 0,
          "attributes": {
            "gateway_id": "",
            "id": "rtbassoc-08505948bf1960f09",
            "route_table_id": "rtb-0abaa789e8c37dc3a",
            "subnet_id": "subnet-0a6b34638c3866ffa",
            "timeouts": null
          },
          "sensitive_attributes": [],
          "private": "eyJlMmJmYjczMC1lY2FhLTExZTYtOGY4OC0zNDM2M2JjN2M0YzAiOnsiY3JlYXRlIjozMDAwMDAwMDAwMDAsImRlbGV0ZSI6MzAwMDAwMDAwMDAwLCJ1cGRhdGUiOjEyMDAwMDAwMDAwMH19",
          "dependencies": [
            "module.vpc.aws_route_table.demo-private-route-table",
            "module.vpc.aws_subnet.demo-subnet-private",
            "module.vpc.aws_vpc.demo-vpc"
          ]
        }
      ]
    },
    {
      "module": "module.vpc",
      "mode": "managed",
      "type": "aws_route_table_association",
      "name": "public_subnet_assign",
      "provider": "provider[\"registry.terraform.io/hashicorp/aws\"]",
      "instances": [
        {
          "index_key": 0,
          "schema_version": 0,
          "attributes": {
            "gateway_id": "",
            "id": "rtbassoc-02953d34e771636b2",
            "route_table_id": "rtb-01df52465685c03f8",
            "subnet_id": "subnet-0910c681d321aba84",
            "timeouts": null
          },
          "sensitive_attributes": [],
          "private": "eyJlMmJmYjczMC1lY2FhLTExZTYtOGY4OC0zNDM2M2JjN2M0YzAiOnsiY3JlYXRlIjozMDAwMDAwMDAwMDAsImRlbGV0ZSI6MzAwMDAwMDAwMDAwLCJ1cGRhdGUiOjEyMDAwMDAwMDAwMH19",
          "dependencies": [
            "module.vpc.aws_internet_gateway.demo-gateway",
            "module.vpc.aws_route_table.demo-public-route-table",
            "module.vpc.aws_subnet.demo-subnet-public",
            "module.vpc.aws_vpc.demo-vpc"
          ]
        },
        {
          "index_key": 1,
          "schema_version": 0,
          "attributes": {
            "gateway_id": "",
            "id": "rtbassoc-0f7d331a918f76396",
            "route_table_id": "rtb-01df52465685c03f8",
            "subnet_id": "subnet-074ad8ef5527bd73b",
            "timeouts": null
          },
          "sensitive_attributes": [],
          "private": "eyJlMmJmYjczMC1lY2FhLTExZTYtOGY4OC0zNDM2M2JjN2M0YzAiOnsiY3JlYXRlIjozMDAwMDAwMDAwMDAsImRlbGV0ZSI6MzAwMDAwMDAwMDAwLCJ1cGRhdGUiOjEyMDAwMDAwMDAwMH19",
          "dependencies": [
            "module.vpc.aws_internet_gateway.demo-gateway",
            "module.vpc.aws_route_table.demo-public-route-table",
            "module.vpc.aws_subnet.demo-subnet-public",
            "module.vpc.aws_vpc.demo-vpc"
          ]
        }
      ]
    },
    {
      "module": "module.vpc",
      "mode": "managed",
      "type": "aws_subnet",
      "name": "demo-subnet-private",
      "provider": "provider[\"registry.terraform.io/hashicorp/aws\"]",
      "instances": [
        {
          "index_key": 0,
          "schema_version": 1,
          "attributes": {
            "arn": "arn:aws:ec2:ap-south-1:739275445912:subnet/subnet-09c3c7c7a13bc3277",
            "assign_ipv6_address_on_creation": false,
            "availability_zone": "ap-south-1a",
            "availability_zone_id": "aps1-az1",
            "cidr_block": "10.0.11.0/24",
            "customer_owned_ipv4_pool": "",
            "enable_dns64": false,
            "enable_lni_at_device_index": 0,
            "enable_resource_name_dns_a_record_on_launch": false,
            "enable_resource_name_dns_aaaa_record_on_launch": false,
            "id": "subnet-09c3c7c7a13bc3277",
            "ipv6_cidr_block": "",
            "ipv6_cidr_block_association_id": "",
            "ipv6_native": false,
            "map_customer_owned_ip_on_launch": false,
            "map_public_ip_on_launch": false,
            "outpost_arn": "",
            "owner_id": "739275445912",
            "private_dns_hostname_type_on_launch": "ip-name",
            "tags": {
              "Name": "demo-subnet-private-1",
              "Vpc_info": "10.0.0.0/16-demo-vpc"
            },
            "tags_all": {
              "Name": "demo-subnet-private-1",
              "Vpc_info": "10.0.0.0/16-demo-vpc"
            },
            "timeouts": null,
            "vpc_id": "vpc-0e9443e82a0d573e4"
          },
          "sensitive_attributes": [],
          "private": "eyJlMmJmYjczMC1lY2FhLTExZTYtOGY4OC0zNDM2M2JjN2M0YzAiOnsiY3JlYXRlIjo2MDAwMDAwMDAwMDAsImRlbGV0ZSI6MTIwMDAwMDAwMDAwMH0sInNjaGVtYV92ZXJzaW9uIjoiMSJ9",
          "dependencies": [
            "module.vpc.aws_vpc.demo-vpc"
          ]
        },
        {
          "index_key": 1,
          "schema_version": 1,
          "attributes": {
            "arn": "arn:aws:ec2:ap-south-1:739275445912:subnet/subnet-0a6b34638c3866ffa",
            "assign_ipv6_address_on_creation": false,
            "availability_zone": "ap-south-1b",
            "availability_zone_id": "aps1-az3",
            "cidr_block": "10.0.12.0/24",
            "customer_owned_ipv4_pool": "",
            "enable_dns64": false,
            "enable_lni_at_device_index": 0,
            "enable_resource_name_dns_a_record_on_launch": false,
            "enable_resource_name_dns_aaaa_record_on_launch": false,
            "id": "subnet-0a6b34638c3866ffa",
            "ipv6_cidr_block": "",
            "ipv6_cidr_block_association_id": "",
            "ipv6_native": false,
            "map_customer_owned_ip_on_launch": false,
            "map_public_ip_on_launch": false,
            "outpost_arn": "",
            "owner_id": "739275445912",
            "private_dns_hostname_type_on_launch": "ip-name",
            "tags": {
              "Name": "demo-subnet-private-2",
              "Vpc_info": "10.0.0.0/16-demo-vpc"
            },
            "tags_all": {
              "Name": "demo-subnet-private-2",
              "Vpc_info": "10.0.0.0/16-demo-vpc"
            },
            "timeouts": null,
            "vpc_id": "vpc-0e9443e82a0d573e4"
          },
          "sensitive_attributes": [],
          "private": "eyJlMmJmYjczMC1lY2FhLTExZTYtOGY4OC0zNDM2M2JjN2M0YzAiOnsiY3JlYXRlIjo2MDAwMDAwMDAwMDAsImRlbGV0ZSI6MTIwMDAwMDAwMDAwMH0sInNjaGVtYV92ZXJzaW9uIjoiMSJ9",
          "dependencies": [
            "module.vpc.aws_vpc.demo-vpc"
          ]
        }
      ]
    },
    {
      "module": "module.vpc",
      "mode": "managed",
      "type": "aws_subnet",
      "name": "demo-subnet-public",
      "provider": "provider[\"registry.terraform.io/hashicorp/aws\"]",
      "instances": [
        {
          "index_key": 0,
          "schema_version": 1,
          "attributes": {
            "arn": "arn:aws:ec2:ap-south-1:739275445912:subnet/subnet-0910c681d321aba84",
            "assign_ipv6_address_on_creation": false,
            "availability_zone": "ap-south-1a",
            "availability_zone_id": "aps1-az1",
            "cidr_block": "10.0.1.0/24",
            "customer_owned_ipv4_pool": "",
            "enable_dns64": false,
            "enable_lni_at_device_index": 0,
            "enable_resource_name_dns_a_record_on_launch": false,
            "enable_resource_name_dns_aaaa_record_on_launch": false,
            "id": "subnet-0910c681d321aba84",
            "ipv6_cidr_block": "",
            "ipv6_cidr_block_association_id": "",
            "ipv6_native": false,
            "map_customer_owned_ip_on_launch": false,
            "map_public_ip_on_launch": true,
            "outpost_arn": "",
            "owner_id": "739275445912",
            "private_dns_hostname_type_on_launch": "ip-name",
            "tags": {
              "Name": "demo-subnet-public-1",
              "Vpc_info": "10.0.0.0/16-demo-vpc"
            },
            "tags_all": {
              "Name": "demo-subnet-public-1",
              "Vpc_info": "10.0.0.0/16-demo-vpc"
            },
            "timeouts": null,
            "vpc_id": "vpc-0e9443e82a0d573e4"
          },
          "sensitive_attributes": [],
          "private": "eyJlMmJmYjczMC1lY2FhLTExZTYtOGY4OC0zNDM2M2JjN2M0YzAiOnsiY3JlYXRlIjo2MDAwMDAwMDAwMDAsImRlbGV0ZSI6MTIwMDAwMDAwMDAwMH0sInNjaGVtYV92ZXJzaW9uIjoiMSJ9",
          "dependencies": [
            "module.vpc.aws_vpc.demo-vpc"
          ]
        },
        {
          "index_key": 1,
          "schema_version": 1,
          "attributes": {
            "arn": "arn:aws:ec2:ap-south-1:739275445912:subnet/subnet-074ad8ef5527bd73b",
            "assign_ipv6_address_on_creation": false,
            "availability_zone": "ap-south-1b",
            "availability_zone_id": "aps1-az3",
            "cidr_block": "10.0.2.0/24",
            "customer_owned_ipv4_pool": "",
            "enable_dns64": false,
            "enable_lni_at_device_index": 0,
            "enable_resource_name_dns_a_record_on_launch": false,
            "enable_resource_name_dns_aaaa_record_on_launch": false,
            "id": "subnet-074ad8ef5527bd73b",
            "ipv6_cidr_block": "",
            "ipv6_cidr_block_association_id": "",
            "ipv6_native": false,
            "map_customer_owned_ip_on_launch": false,
            "map_public_ip_on_launch": true,
            "outpost_arn": "",
            "owner_id": "739275445912",
            "private_dns_hostname_type_on_launch": "ip-name",
            "tags": {
              "Name": "demo-subnet-public-2",
              "Vpc_info": "10.0.0.0/16-demo-vpc"
            },
            "tags_all": {
              "Name": "demo-subnet-public-2",
              "Vpc_info": "10.0.0.0/16-demo-vpc"
            },
            "timeouts": null,
            "vpc_id": "vpc-0e9443e82a0d573e4"
          },
          "sensitive_attributes": [],
          "private": "eyJlMmJmYjczMC1lY2FhLTExZTYtOGY4OC0zNDM2M2JjN2M0YzAiOnsiY3JlYXRlIjo2MDAwMDAwMDAwMDAsImRlbGV0ZSI6MTIwMDAwMDAwMDAwMH0sInNjaGVtYV92ZXJzaW9uIjoiMSJ9",
          "dependencies": [
            "module.vpc.aws_vpc.demo-vpc"
          ]
        }
      ]
    },
    {
      "module": "module.vpc",
      "mode": "managed",
      "type": "aws_vpc",
      "name": "demo-vpc",
      "provider": "provider[\"registry.terraform.io/hashicorp/aws\"]",
      "instances": [
        {
          "schema_version": 1,
          "attributes": {
            "arn": "arn:aws:ec2:ap-south-1:739275445912:vpc/vpc-0e9443e82a0d573e4",
            "assign_generated_ipv6_cidr_block": false,
            "cidr_block": "10.0.0.0/16",
            "default_network_acl_id": "acl-039630bc749fbb664",
            "default_route_table_id": "rtb-097747a2e62fac712",
            "default_security_group_id": "sg-032ce08a60d47fee4",
            "dhcp_options_id": "dopt-0c8a2770e3a8307d8",
            "enable_dns_hostnames": false,
            "enable_dns_support": true,
            "enable_network_address_usage_metrics": false,
            "id": "vpc-0e9443e82a0d573e4",
            "instance_tenancy": "default",
            "ipv4_ipam_pool_id": null,
            "ipv4_netmask_length": null,
            "ipv6_association_id": "",
            "ipv6_cidr_block": "",
            "ipv6_cidr_block_network_border_group": "",
            "ipv6_ipam_pool_id": "",
            "ipv6_netmask_length": 0,
            "main_route_table_id": "rtb-097747a2e62fac712",
            "owner_id": "739275445912",
            "tags": {
              "Name": "demo-vpc"
            },
            "tags_all": {
              "Name": "demo-vpc"
            }
          },
          "sensitive_attributes": [],
          "private": "eyJzY2hlbWFfdmVyc2lvbiI6IjEifQ=="
        }
      ]
    }
  ],
  "check_results": null
}
