{
  "version": 4,
  "terraform_version": "1.13.5",
  "serial": 126,
  "lineage": "b9c9af5e-949b-f2a1-e7f9-f94ae61447f7",
  "outputs": {
    "cloudfront_url": {
      "value": "d31ec51wbzhb7a.cloudfront.net",
      "type": "string"
    }
  },
  "resources": [
    {
      "module": "module.cloudfront",
      "mode": "data",
      "type": "aws_cloudfront_cache_policy",
      "name": "cache_optimized",
      "provider": "provider[\"registry.terraform.io/hashicorp/aws\"]",
      "instances": [
        {
          "schema_version": 0,
          "attributes": {
            "arn": "arn:aws:cloudfront::739275445912:cache-policy/658327ea-f89d-4fab-a63d-7e88639e58f6",
            "comment": "Policy with caching enabled. Supports Gzip and Brotli compression.",
            "default_ttl": 86400,
            "etag": "E23ZP02F085DFQ",
            "id": "658327ea-f89d-4fab-a63d-7e88639e58f6",
            "max_ttl": 31536000,
            "min_ttl": 1,
            "name": "Managed-CachingOptimized",
            "parameters_in_cache_key_and_forwarded_to_origin": [
              {
                "cookies_config": [
                  {
                    "cookie_behavior": "none",
                    "cookies": []
                  }
                ],
                "enable_accept_encoding_brotli": true,
                "enable_accept_encoding_gzip": true,
                "headers_config": [
                  {
                    "header_behavior": "none",
                    "headers": []
                  }
                ],
                "query_strings_config": [
                  {
                    "query_string_behavior": "none",
                    "query_strings": []
                  }
                ]
              }
            ]
          },
          "sensitive_attributes": [],
          "identity_schema_version": 0
        }
      ]
    },
    {
      "module": "module.cloudfront",
      "mode": "managed",
      "type": "aws_cloudfront_distribution",
      "name": "distribution",
      "provider": "provider[\"registry.terraform.io/hashicorp/aws\"]",
      "instances": [
        {
          "schema_version": 1,
          "attributes": {
            "aliases": [],
            "anycast_ip_list_id": "",
            "arn": "arn:aws:cloudfront::739275445912:distribution/E3O1RCUVS2S7BY",
            "caller_reference": "terraform-20251129051849410800000001",
            "comment": "Some comment",
            "continuous_deployment_policy_id": "",
            "custom_error_response": [],
            "default_cache_behavior": [
              {
                "allowed_methods": [
                  "GET",
                  "HEAD",
                  "OPTIONS"
                ],
                "cache_policy_id": "658327ea-f89d-4fab-a63d-7e88639e58f6",
                "cached_methods": [
                  "GET",
                  "HEAD",
                  "OPTIONS"
                ],
                "compress": true,
                "default_ttl": 0,
                "field_level_encryption_id": "",
                "forwarded_values": [],
                "function_association": [
                  {
                    "event_type": "viewer-request",
                    "function_arn": "arn:aws:cloudfront::739275445912:function/modify_url"
                  }
                ],
                "grpc_config": [
                  {
                    "enabled": false
                  }
                ],
                "lambda_function_association": [],
                "max_ttl": 0,
                "min_ttl": 0,
                "origin_request_policy_id": "",
                "realtime_log_config_arn": "",
                "response_headers_policy_id": "b302480b-0f3f-483a-9d0b-001047bca10d",
                "smooth_streaming": false,
                "target_origin_id": "ImageOriginGroup",
                "trusted_key_groups": [],
                "trusted_signers": [],
                "viewer_protocol_policy": "redirect-to-https"
              }
            ],
            "default_root_object": "",
            "domain_name": "d31ec51wbzhb7a.cloudfront.net",
            "enabled": true,
            "etag": "E1AEP8PD3C6IB2",
            "hosted_zone_id": "Z2FDTNDATAQYW2",
            "http_version": "http2",
            "id": "E3O1RCUVS2S7BY",
            "in_progress_validation_batches": 0,
            "is_ipv6_enabled": true,
            "last_modified_time": "2025-11-29 07:12:27.484 +0000 UTC",
            "logging_config": [],
            "ordered_cache_behavior": [],
            "origin": [
              {
                "connection_attempts": 3,
                "connection_timeout": 10,
                "custom_header": [],
                "custom_origin_config": [
                  {
                    "http_port": 80,
                    "https_port": 443,
                    "ip_address_type": "",
                    "origin_keepalive_timeout": 5,
                    "origin_protocol_policy": "https-only",
                    "origin_read_timeout": 30,
                    "origin_ssl_protocols": [
                      "TLSv1.2"
                    ]
                  }
                ],
                "domain_name": "xrnn5yh7qoyocrr74j3oim6g240aqikw.lambda-url.us-east-1.on.aws",
                "origin_access_control_id": "E2H77LUZEOB613",
                "origin_id": "Lambda",
                "origin_path": "",
                "origin_shield": [],
                "response_completion_timeout": 0,
                "s3_origin_config": [],
                "vpc_origin_config": []
              },
              {
                "connection_attempts": 3,
                "connection_timeout": 10,
                "custom_header": [],
                "custom_origin_config": [],
                "domain_name": "abhradippaul-image-resizer-transformed-bucket.s3.ap-south-1.amazonaws.com",
                "origin_access_control_id": "E2RIRZVK5YWNYR",
                "origin_id": "S3",
                "origin_path": "",
                "origin_shield": [],
                "response_completion_timeout": 0,
                "s3_origin_config": [],
                "vpc_origin_config": []
              }
            ],
            "origin_group": [
              {
                "failover_criteria": [
                  {
                    "status_codes": [
                      403,
                      404,
                      500,
                      502,
                      503,
                      504
                    ]
                  }
                ],
                "member": [
                  {
                    "origin_id": "S3"
                  },
                  {
                    "origin_id": "Lambda"
                  }
                ],
                "origin_id": "ImageOriginGroup"
              }
            ],
            "price_class": "PriceClass_100",
            "restrictions": [
              {
                "geo_restriction": [
                  {
                    "locations": [],
                    "restriction_type": "none"
                  }
                ]
              }
            ],
            "retain_on_delete": false,
            "staging": false,
            "status": "Deployed",
            "tags": {
              "Name": "s3_cloudfront"
            },
            "tags_all": {
              "Name": "s3_cloudfront"
            },
            "trusted_key_groups": [
              {
                "enabled": false,
                "items": []
              }
            ],
            "trusted_signers": [
              {
                "enabled": false,
                "items": []
              }
            ],
            "viewer_certificate": [
              {
                "acm_certificate_arn": "",
                "cloudfront_default_certificate": true,
                "iam_certificate_id": "",
                "minimum_protocol_version": "TLSv1",
                "ssl_support_method": ""
              }
            ],
            "wait_for_deployment": true,
            "web_acl_id": ""
          },
          "sensitive_attributes": [],
          "identity_schema_version": 0,
          "private": "eyJzY2hlbWFfdmVyc2lvbiI6IjEifQ==",
          "dependencies": [
            "module.cloudfront.aws_cloudfront_function.modify_url",
            "module.cloudfront.aws_cloudfront_origin_access_control.default_oac",
            "module.cloudfront.aws_cloudfront_origin_access_control.lambda",
            "module.cloudfront.aws_cloudfront_response_headers_policy.cors",
            "module.cloudfront.data.aws_cloudfront_cache_policy.cache_optimized",
            "module.lambda.aws_iam_role.lambda",
            "module.lambda.aws_lambda_function.url_rewrite",
            "module.lambda.aws_lambda_function_url.image_processor",
            "module.lambda.data.archive_file.lambda_zip",
            "module.lambda.data.aws_iam_policy_document.lambda_assume_role",
            "module.raw_bucket.aws_s3_bucket.bucket",
            "module.transformed_bucket.aws_s3_bucket.bucket"
          ]
        }
      ]
    },
    {
      "module": "module.cloudfront",
      "mode": "managed",
      "type": "aws_cloudfront_function",
      "name": "modify_url",
      "provider": "provider[\"registry.terraform.io/hashicorp/aws\"]",
      "instances": [
        {
          "schema_version": 0,
          "attributes": {
            "arn": "arn:aws:cloudfront::739275445912:function/modify_url",
            "code": "// Copyright Amazon.com, Inc. or its affiliates. All Rights Reserved.\r\n// SPDX-License-Identifier: MIT-0\r\n\r\nfunction handler(event) {\r\n  var request = event.request;\r\n  var originalImagePath = request.uri;\r\n  //  validate, process and normalize the requested operations in query parameters\r\n  var normalizedOperations = {};\r\n  if (request.querystring) {\r\n    Object.keys(request.querystring).forEach((operation) =\u003e {\r\n      switch (operation.toLowerCase()) {\r\n        case \"format\":\r\n          var SUPPORTED_FORMATS = [\r\n            \"auto\",\r\n            \"jpeg\",\r\n            \"webp\",\r\n            \"avif\",\r\n            \"png\",\r\n            \"svg\",\r\n            \"gif\",\r\n          ];\r\n          if (\r\n            request.querystring[operation][\"value\"] \u0026\u0026\r\n            SUPPORTED_FORMATS.includes(\r\n              request.querystring[operation][\"value\"].toLowerCase()\r\n            )\r\n          ) {\r\n            var format = request.querystring[operation][\"value\"].toLowerCase(); // normalize to lowercase\r\n            if (format === \"auto\") {\r\n              format = \"jpeg\";\r\n              if (request.headers[\"accept\"]) {\r\n                if (request.headers[\"accept\"].value.includes(\"avif\")) {\r\n                  format = \"avif\";\r\n                } else if (request.headers[\"accept\"].value.includes(\"webp\")) {\r\n                  format = \"webp\";\r\n                }\r\n              }\r\n            }\r\n            normalizedOperations[\"format\"] = format;\r\n          }\r\n          break;\r\n        case \"width\":\r\n          if (request.querystring[operation][\"value\"]) {\r\n            var width = parseInt(request.querystring[operation][\"value\"]);\r\n            if (!isNaN(width) \u0026\u0026 width \u003e 0) {\r\n              // you can protect the Lambda function by setting a max value, e.g. if (width \u003e 4000) width = 4000;\r\n              normalizedOperations[\"width\"] = width.toString();\r\n            }\r\n          }\r\n          break;\r\n        case \"height\":\r\n          if (request.querystring[operation][\"value\"]) {\r\n            var height = parseInt(request.querystring[operation][\"value\"]);\r\n            if (!isNaN(height) \u0026\u0026 height \u003e 0) {\r\n              // you can protect the Lambda function by setting a max value, e.g. if (height \u003e 4000) height = 4000;\r\n              normalizedOperations[\"height\"] = height.toString();\r\n            }\r\n          }\r\n          break;\r\n        case \"quality\":\r\n          if (request.querystring[operation][\"value\"]) {\r\n            var quality = parseInt(request.querystring[operation][\"value\"]);\r\n            if (!isNaN(quality) \u0026\u0026 quality \u003e 0) {\r\n              if (quality \u003e 100) quality = 100;\r\n              normalizedOperations[\"quality\"] = quality.toString();\r\n            }\r\n          }\r\n          break;\r\n        default:\r\n          break;\r\n      }\r\n    });\r\n    //rewrite the path to normalized version if valid operations are found\r\n    if (Object.keys(normalizedOperations).length \u003e 0) {\r\n      // put them in order\r\n      var normalizedOperationsArray = [];\r\n      if (normalizedOperations.format)\r\n        normalizedOperationsArray.push(\"format=\" + normalizedOperations.format);\r\n      if (normalizedOperations.quality)\r\n        normalizedOperationsArray.push(\r\n          \"quality=\" + normalizedOperations.quality\r\n        );\r\n      if (normalizedOperations.width)\r\n        normalizedOperationsArray.push(\"width=\" + normalizedOperations.width);\r\n      if (normalizedOperations.height)\r\n        normalizedOperationsArray.push(\"height=\" + normalizedOperations.height);\r\n      request.uri =\r\n        originalImagePath + \"/\" + normalizedOperationsArray.join(\",\");\r\n    } else {\r\n      // If no valid operation is found, flag the request with /original path suffix\r\n      request.uri = originalImagePath + \"/original\";\r\n    }\r\n  } else {\r\n    // If no query strings are found, flag the request with /original path suffix\r\n    request.uri = originalImagePath + \"/original\";\r\n  }\r\n  // remove query strings\r\n  request[\"querystring\"] = {};\r\n  return request;\r\n}\r\n",
            "comment": "modify_url",
            "etag": "ETVPDKIKX0DER",
            "id": "modify_url",
            "key_value_store_associations": [],
            "live_stage_etag": "ETVPDKIKX0DER",
            "name": "modify_url",
            "publish": true,
            "runtime": "cloudfront-js-2.0",
            "status": "DEPLOYED"
          },
          "sensitive_attributes": [],
          "identity_schema_version": 0,
          "private": "bnVsbA=="
        }
      ]
    },
    {
      "module": "module.cloudfront",
      "mode": "managed",
      "type": "aws_cloudfront_origin_access_control",
      "name": "default_oac",
      "provider": "provider[\"registry.terraform.io/hashicorp/aws\"]",
      "instances": [
        {
          "schema_version": 0,
          "attributes": {
            "arn": "arn:aws:cloudfront::739275445912:origin-access-control/E2RIRZVK5YWNYR",
            "description": "Managed by Terraform",
            "etag": "ETVPDKIKX0DER",
            "id": "E2RIRZVK5YWNYR",
            "name": "default-oac",
            "origin_access_control_origin_type": "s3",
            "signing_behavior": "always",
            "signing_protocol": "sigv4"
          },
          "sensitive_attributes": [],
          "identity_schema_version": 0,
          "private": "bnVsbA=="
        }
      ]
    },
    {
      "module": "module.cloudfront",
      "mode": "managed",
      "type": "aws_cloudfront_origin_access_control",
      "name": "lambda",
      "provider": "provider[\"registry.terraform.io/hashicorp/aws\"]",
      "instances": [
        {
          "schema_version": 0,
          "attributes": {
            "arn": "arn:aws:cloudfront::739275445912:origin-access-control/E2H77LUZEOB613",
            "description": "Origin Access Control for Lambda function URL",
            "etag": "ETVPDKIKX0DER",
            "id": "E2H77LUZEOB613",
            "name": "lambda-oac",
            "origin_access_control_origin_type": "lambda",
            "signing_behavior": "always",
            "signing_protocol": "sigv4"
          },
          "sensitive_attributes": [],
          "identity_schema_version": 0,
          "private": "bnVsbA=="
        }
      ]
    },
    {
      "module": "module.cloudfront",
      "mode": "managed",
      "type": "aws_cloudfront_response_headers_policy",
      "name": "cors",
      "provider": "provider[\"registry.terraform.io/hashicorp/aws\"]",
      "instances": [
        {
          "schema_version": 0,
          "attributes": {
            "arn": "arn:aws:cloudfront::739275445912:response-headers-policy/b302480b-0f3f-483a-9d0b-001047bca10d",
            "comment": "",
            "cors_config": [
              {
                "access_control_allow_credentials": false,
                "access_control_allow_headers": [
                  {
                    "items": [
                      "*"
                    ]
                  }
                ],
                "access_control_allow_methods": [
                  {
                    "items": [
                      "GET"
                    ]
                  }
                ],
                "access_control_allow_origins": [
                  {
                    "items": [
                      "*"
                    ]
                  }
                ],
                "access_control_expose_headers": [],
                "access_control_max_age_sec": 600,
                "origin_override": false
              }
            ],
            "custom_headers_config": [
              {
                "items": [
                  {
                    "header": "vary",
                    "override": true,
                    "value": "accept"
                  },
                  {
                    "header": "x-aws-image-optimization",
                    "override": true,
                    "value": "v1.0"
                  }
                ]
              }
            ],
            "etag": "E23ZP02F085DFQ",
            "id": "b302480b-0f3f-483a-9d0b-001047bca10d",
            "name": "cors",
            "remove_headers_config": [],
            "security_headers_config": [],
            "server_timing_headers_config": []
          },
          "sensitive_attributes": [],
          "identity_schema_version": 0,
          "private": "bnVsbA=="
        }
      ]
    },
    {
      "module": "module.lambda",
      "mode": "data",
      "type": "archive_file",
      "name": "lambda_zip",
      "provider": "provider[\"registry.terraform.io/hashicorp/archive\"]",
      "instances": [
        {
          "schema_version": 0,
          "attributes": {
            "exclude_symlink_directories": null,
            "excludes": null,
            "id": "161454482436e963d51d1f267fb368a406895352",
            "output_base64sha256": "ZhnnV3GvUl3ofl5cmKxPJqhJmtidaAF/eQhsZ2n0DyU=",
            "output_base64sha512": "S8E6a0aNlBREZW0NaRaiMs9b0oKv8KI0yZiqDuoTax+LHBJA/yxgVKiikoC/HyeNJFf6oYy5QLGiPPp4uekMkw==",
            "output_file_mode": null,
            "output_md5": "549e22c851743b598a47d5929a3d61c4",
            "output_path": "module/lambda/function.zip",
            "output_sha": "161454482436e963d51d1f267fb368a406895352",
            "output_sha256": "6619e75771af525de87e5e5c98ac4f26a8499ad89d68017f79086c6769f40f25",
            "output_sha512": "4bc13a6b468d941444656d0d6916a232cf5bd282aff0a234c998aa0eea136b1f8b1c1240ff2c6054a8a29280bf1f278d2457faa18cb940b1a23cfa78b9e90c93",
            "output_size": 15887869,
            "source": [],
            "source_content": null,
            "source_content_filename": null,
            "source_dir": "module/lambda/sharp",
            "source_file": null,
            "type": "zip"
          },
          "sensitive_attributes": [],
          "identity_schema_version": 0
        }
      ]
    },
    {
      "module": "module.lambda",
      "mode": "data",
      "type": "aws_iam_policy_document",
      "name": "lambda_assume_role",
      "provider": "provider[\"registry.terraform.io/hashicorp/aws\"]",
      "instances": [
        {
          "schema_version": 0,
          "attributes": {
            "id": "2690255455",
            "json": "{\n  \"Version\": \"2012-10-17\",\n  \"Statement\": [\n    {\n      \"Effect\": \"Allow\",\n      \"Action\": \"sts:AssumeRole\",\n      \"Principal\": {\n        \"Service\": \"lambda.amazonaws.com\"\n      }\n    }\n  ]\n}",
            "minified_json": "{\"Version\":\"2012-10-17\",\"Statement\":[{\"Effect\":\"Allow\",\"Action\":\"sts:AssumeRole\",\"Principal\":{\"Service\":\"lambda.amazonaws.com\"}}]}",
            "override_json": null,
            "override_policy_documents": null,
            "policy_id": null,
            "source_json": null,
            "source_policy_documents": null,
            "statement": [
              {
                "actions": [
                  "sts:AssumeRole"
                ],
                "condition": [],
                "effect": "Allow",
                "not_actions": [],
                "not_principals": [],
                "not_resources": [],
                "principals": [
                  {
                    "identifiers": [
                      "lambda.amazonaws.com"
                    ],
                    "type": "Service"
                  }
                ],
                "resources": [],
                "sid": ""
              }
            ],
            "version": "2012-10-17"
          },
          "sensitive_attributes": [],
          "identity_schema_version": 0
        }
      ]
    },
    {
      "module": "module.lambda",
      "mode": "data",
      "type": "aws_iam_policy_document",
      "name": "lambda_permissions",
      "provider": "provider[\"registry.terraform.io/hashicorp/aws\"]",
      "instances": [
        {
          "schema_version": 0,
          "attributes": {
            "id": "3102196234",
            "json": "{\n  \"Version\": \"2012-10-17\",\n  \"Statement\": [\n    {\n      \"Effect\": \"Allow\",\n      \"Action\": \"s3:GetObject\",\n      \"Resource\": \"arn:aws:s3:::abhradippaul-image-resizer-raw-bucket/*\"\n    },\n    {\n      \"Effect\": \"Allow\",\n      \"Action\": \"s3:PutObject\",\n      \"Resource\": \"arn:aws:s3:::abhradippaul-image-resizer-transformed-bucket/*\"\n    }\n  ]\n}",
            "minified_json": "{\"Version\":\"2012-10-17\",\"Statement\":[{\"Effect\":\"Allow\",\"Action\":\"s3:GetObject\",\"Resource\":\"arn:aws:s3:::abhradippaul-image-resizer-raw-bucket/*\"},{\"Effect\":\"Allow\",\"Action\":\"s3:PutObject\",\"Resource\":\"arn:aws:s3:::abhradippaul-image-resizer-transformed-bucket/*\"}]}",
            "override_json": null,
            "override_policy_documents": null,
            "policy_id": null,
            "source_json": null,
            "source_policy_documents": null,
            "statement": [
              {
                "actions": [
                  "s3:GetObject"
                ],
                "condition": [],
                "effect": "Allow",
                "not_actions": [],
                "not_principals": [],
                "not_resources": [],
                "principals": [],
                "resources": [
                  "arn:aws:s3:::abhradippaul-image-resizer-raw-bucket/*"
                ],
                "sid": ""
              },
              {
                "actions": [
                  "s3:PutObject"
                ],
                "condition": [],
                "effect": "Allow",
                "not_actions": [],
                "not_principals": [],
                "not_resources": [],
                "principals": [],
                "resources": [
                  "arn:aws:s3:::abhradippaul-image-resizer-transformed-bucket/*"
                ],
                "sid": ""
              }
            ],
            "version": "2012-10-17"
          },
          "sensitive_attributes": [],
          "identity_schema_version": 0
        }
      ]
    },
    {
      "module": "module.lambda",
      "mode": "managed",
      "type": "aws_cloudwatch_log_group",
      "name": "lambda",
      "provider": "provider[\"registry.terraform.io/hashicorp/aws\"]",
      "instances": [
        {
          "schema_version": 0,
          "attributes": {
            "arn": "arn:aws:logs:ap-south-1:739275445912:log-group:/aws/lambda/image-process",
            "id": "/aws/lambda/image-process",
            "kms_key_id": "",
            "log_group_class": "STANDARD",
            "name": "/aws/lambda/image-process",
            "name_prefix": "",
            "region": "ap-south-1",
            "retention_in_days": 1,
            "skip_destroy": false,
            "tags": {},
            "tags_all": {}
          },
          "sensitive_attributes": [],
          "identity_schema_version": 0,
          "identity": {
            "account_id": "739275445912",
            "name": "/aws/lambda/image-process",
            "region": "ap-south-1"
          },
          "private": "bnVsbA=="
        }
      ]
    },
    {
      "module": "module.lambda",
      "mode": "managed",
      "type": "aws_iam_role",
      "name": "lambda",
      "provider": "provider[\"registry.terraform.io/hashicorp/aws\"]",
      "instances": [
        {
          "schema_version": 0,
          "attributes": {
            "arn": "arn:aws:iam::739275445912:role/cdn-lambda-role",
            "assume_role_policy": "{\"Statement\":[{\"Action\":\"sts:AssumeRole\",\"Effect\":\"Allow\",\"Principal\":{\"Service\":\"lambda.amazonaws.com\"}}],\"Version\":\"2012-10-17\"}",
            "create_date": "2025-11-29T07:01:43Z",
            "description": "",
            "force_detach_policies": false,
            "id": "cdn-lambda-role",
            "inline_policy": [
              {
                "name": "lambda-policy",
                "policy": "{\"Version\":\"2012-10-17\",\"Statement\":[{\"Action\":\"s3:GetObject\",\"Effect\":\"Allow\",\"Resource\":\"arn:aws:s3:::abhradippaul-image-resizer-raw-bucket/*\"},{\"Action\":\"s3:PutObject\",\"Effect\":\"Allow\",\"Resource\":\"arn:aws:s3:::abhradippaul-image-resizer-transformed-bucket/*\"}]}"
              }
            ],
            "managed_policy_arns": [
              "arn:aws:iam::aws:policy/service-role/AWSLambdaBasicExecutionRole"
            ],
            "max_session_duration": 3600,
            "name": "cdn-lambda-role",
            "name_prefix": "",
            "path": "/",
            "permissions_boundary": "",
            "tags": {},
            "tags_all": {},
            "unique_id": "AROA2YICAC2MMYNT7KN36"
          },
          "sensitive_attributes": [],
          "identity_schema_version": 0,
          "identity": {
            "account_id": "739275445912",
            "name": "cdn-lambda-role"
          },
          "private": "bnVsbA==",
          "dependencies": [
            "module.lambda.data.aws_iam_policy_document.lambda_assume_role"
          ]
        }
      ]
    },
    {
      "module": "module.lambda",
      "mode": "managed",
      "type": "aws_iam_role_policy",
      "name": "lambda_permissions",
      "provider": "provider[\"registry.terraform.io/hashicorp/aws\"]",
      "instances": [
        {
          "schema_version": 0,
          "attributes": {
            "id": "cdn-lambda-role:lambda-policy",
            "name": "lambda-policy",
            "name_prefix": "",
            "policy": "{\"Version\":\"2012-10-17\",\"Statement\":[{\"Action\":\"s3:GetObject\",\"Effect\":\"Allow\",\"Resource\":\"arn:aws:s3:::abhradippaul-image-resizer-raw-bucket/*\"},{\"Action\":\"s3:PutObject\",\"Effect\":\"Allow\",\"Resource\":\"arn:aws:s3:::abhradippaul-image-resizer-transformed-bucket/*\"}]}",
            "role": "cdn-lambda-role"
          },
          "sensitive_attributes": [],
          "identity_schema_version": 0,
          "identity": {
            "account_id": "739275445912",
            "name": "lambda-policy",
            "role": "cdn-lambda-role"
          },
          "private": "bnVsbA==",
          "dependencies": [
            "module.lambda.aws_iam_role.lambda",
            "module.lambda.data.aws_iam_policy_document.lambda_assume_role",
            "module.lambda.data.aws_iam_policy_document.lambda_permissions",
            "module.raw_bucket.aws_s3_bucket.bucket",
            "module.transformed_bucket.aws_s3_bucket.bucket"
          ]
        }
      ]
    },
    {
      "module": "module.lambda",
      "mode": "managed",
      "type": "aws_iam_role_policy_attachment",
      "name": "lambda_basic",
      "provider": "provider[\"registry.terraform.io/hashicorp/aws\"]",
      "instances": [
        {
          "schema_version": 0,
          "attributes": {
            "id": "cdn-lambda-role/arn:aws:iam::aws:policy/service-role/AWSLambdaBasicExecutionRole",
            "policy_arn": "arn:aws:iam::aws:policy/service-role/AWSLambdaBasicExecutionRole",
            "role": "cdn-lambda-role"
          },
          "sensitive_attributes": [],
          "identity_schema_version": 0,
          "identity": {
            "account_id": "739275445912",
            "policy_arn": "arn:aws:iam::aws:policy/service-role/AWSLambdaBasicExecutionRole",
            "role": "cdn-lambda-role"
          },
          "private": "bnVsbA==",
          "dependencies": [
            "module.lambda.aws_iam_role.lambda",
            "module.lambda.data.aws_iam_policy_document.lambda_assume_role"
          ]
        }
      ]
    },
    {
      "module": "module.lambda",
      "mode": "managed",
      "type": "aws_lambda_function",
      "name": "url_rewrite",
      "provider": "provider[\"registry.terraform.io/hashicorp/aws\"]",
      "instances": [
        {
          "schema_version": 0,
          "attributes": {
            "architectures": [
              "x86_64"
            ],
            "arn": "arn:aws:lambda:us-east-1:739275445912:function:image-process",
            "code_sha256": "ZhnnV3GvUl3ofl5cmKxPJqhJmtidaAF/eQhsZ2n0DyU=",
            "code_signing_config_arn": "",
            "dead_letter_config": [],
            "description": "",
            "environment": [
              {
                "variables": {
                  "maxImageSize": "4700000",
                  "originalImageBucketName": "abhradippaul-image-resizer-raw-bucket",
                  "transformedImageBucketName": "abhradippaul-image-resizer-transformed-bucket",
                  "transformedImageCacheTTL": "max-age=31622400"
                }
              }
            ],
            "ephemeral_storage": [
              {
                "size": 512
              }
            ],
            "file_system_config": [],
            "filename": "module/lambda/function.zip",
            "function_name": "image-process",
            "handler": "index.handler",
            "id": "image-process",
            "image_config": [],
            "image_uri": "",
            "invoke_arn": "arn:aws:apigateway:us-east-1:lambda:path/2015-03-31/functions/arn:aws:lambda:us-east-1:739275445912:function:image-process/invocations",
            "kms_key_arn": "",
            "last_modified": "2025-11-29T07:53:25.000+0000",
            "layers": [],
            "logging_config": [
              {
                "application_log_level": "INFO",
                "log_format": "JSON",
                "log_group": "/aws/lambda/image-process",
                "system_log_level": "WARN"
              }
            ],
            "memory_size": 128,
            "package_type": "Zip",
            "publish": true,
            "qualified_arn": "arn:aws:lambda:us-east-1:739275445912:function:image-process:15",
            "qualified_invoke_arn": "arn:aws:apigateway:us-east-1:lambda:path/2015-03-31/functions/arn:aws:lambda:us-east-1:739275445912:function:image-process:15/invocations",
            "region": "us-east-1",
            "replace_security_groups_on_destroy": null,
            "replacement_security_group_ids": null,
            "reserved_concurrent_executions": -1,
            "role": "arn:aws:iam::739275445912:role/cdn-lambda-role",
            "runtime": "nodejs22.x",
            "s3_bucket": null,
            "s3_key": null,
            "s3_object_version": null,
            "signing_job_arn": "",
            "signing_profile_version_arn": "",
            "skip_destroy": false,
            "snap_start": [],
            "source_code_hash": "ZhnnV3GvUl3ofl5cmKxPJqhJmtidaAF/eQhsZ2n0DyU=",
            "source_code_size": 15887869,
            "source_kms_key_arn": "",
            "tags": {
              "Application": "image-process"
            },
            "tags_all": {
              "Application": "image-process"
            },
            "timeout": 30,
            "timeouts": null,
            "tracing_config": [
              {
                "mode": "PassThrough"
              }
            ],
            "version": "15",
            "vpc_config": []
          },
          "sensitive_attributes": [],
          "identity_schema_version": 0,
          "identity": {
            "account_id": "739275445912",
            "function_name": "image-process",
            "region": "us-east-1"
          },
          "private": "eyJlMmJmYjczMC1lY2FhLTExZTYtOGY4OC0zNDM2M2JjN2M0YzAiOnsiY3JlYXRlIjo2MDAwMDAwMDAwMDAsImRlbGV0ZSI6NjAwMDAwMDAwMDAwLCJ1cGRhdGUiOjYwMDAwMDAwMDAwMH19",
          "dependencies": [
            "module.lambda.aws_iam_role.lambda",
            "module.lambda.data.archive_file.lambda_zip",
            "module.lambda.data.aws_iam_policy_document.lambda_assume_role",
            "module.raw_bucket.aws_s3_bucket.bucket",
            "module.transformed_bucket.aws_s3_bucket.bucket"
          ]
        }
      ]
    },
    {
      "module": "module.lambda",
      "mode": "managed",
      "type": "aws_lambda_function_url",
      "name": "image_processor",
      "provider": "provider[\"registry.terraform.io/hashicorp/aws\"]",
      "instances": [
        {
          "schema_version": 0,
          "attributes": {
            "authorization_type": "NONE",
            "cors": [],
            "function_arn": "arn:aws:lambda:us-east-1:739275445912:function:image-process",
            "function_name": "image-process",
            "function_url": "https://xrnn5yh7qoyocrr74j3oim6g240aqikw.lambda-url.us-east-1.on.aws/",
            "id": "image-process",
            "invoke_mode": "BUFFERED",
            "qualifier": "",
            "region": "us-east-1",
            "timeouts": null,
            "url_id": "xrnn5yh7qoyocrr74j3oim6g240aqikw"
          },
          "sensitive_attributes": [],
          "identity_schema_version": 0,
          "private": "eyJlMmJmYjczMC1lY2FhLTExZTYtOGY4OC0zNDM2M2JjN2M0YzAiOnsiY3JlYXRlIjo2MDAwMDAwMDAwMDB9fQ==",
          "dependencies": [
            "module.lambda.aws_iam_role.lambda",
            "module.lambda.aws_lambda_function.url_rewrite",
            "module.lambda.data.archive_file.lambda_zip",
            "module.lambda.data.aws_iam_policy_document.lambda_assume_role",
            "module.raw_bucket.aws_s3_bucket.bucket",
            "module.transformed_bucket.aws_s3_bucket.bucket"
          ]
        }
      ]
    },
    {
      "module": "module.lambda",
      "mode": "managed",
      "type": "aws_lambda_permission",
      "name": "allow_cloudfront_invoke",
      "provider": "provider[\"registry.terraform.io/hashicorp/aws\"]",
      "instances": [
        {
          "schema_version": 0,
          "attributes": {
            "action": "lambda:InvokeFunctionUrl",
            "event_source_token": null,
            "function_name": "image-process",
            "function_url_auth_type": null,
            "id": "AllowExecutionFromCloudFront",
            "principal": "edgelambda.amazonaws.com",
            "principal_org_id": null,
            "qualifier": "",
            "region": "us-east-1",
            "source_account": null,
            "source_arn": "arn:aws:cloudfront::739275445912:distribution/E3O1RCUVS2S7BY",
            "statement_id": "AllowExecutionFromCloudFront",
            "statement_id_prefix": ""
          },
          "sensitive_attributes": [],
          "identity_schema_version": 0,
          "identity": {
            "account_id": "739275445912",
            "function_name": "image-process",
            "qualifier": null,
            "region": "us-east-1",
            "statement_id": "AllowExecutionFromCloudFront"
          },
          "private": "bnVsbA==",
          "dependencies": [
            "module.cloudfront.aws_cloudfront_distribution.distribution",
            "module.cloudfront.aws_cloudfront_function.modify_url",
            "module.cloudfront.aws_cloudfront_origin_access_control.default_oac",
            "module.cloudfront.aws_cloudfront_origin_access_control.lambda",
            "module.cloudfront.aws_cloudfront_response_headers_policy.cors",
            "module.cloudfront.data.aws_cloudfront_cache_policy.cache_optimized",
            "module.lambda.aws_iam_role.lambda",
            "module.lambda.aws_lambda_function.url_rewrite",
            "module.lambda.aws_lambda_function_url.image_processor",
            "module.lambda.data.archive_file.lambda_zip",
            "module.lambda.data.aws_iam_policy_document.lambda_assume_role",
            "module.raw_bucket.aws_s3_bucket.bucket",
            "module.transformed_bucket.aws_s3_bucket.bucket"
          ]
        }
      ]
    },
    {
      "module": "module.raw_bucket",
      "mode": "data",
      "type": "aws_iam_policy_document",
      "name": "iam_allow_cloudfront_access",
      "provider": "provider[\"registry.terraform.io/hashicorp/aws\"]",
      "instances": [
        {
          "schema_version": 0,
          "attributes": {
            "id": "3562077539",
            "json": "{\n  \"Version\": \"2012-10-17\",\n  \"Statement\": [\n    {\n      \"Sid\": \"AllowCloudFrontServicePrincipalReadWrite\",\n      \"Effect\": \"Allow\",\n      \"Action\": \"s3:GetObject\",\n      \"Resource\": \"arn:aws:s3:::abhradippaul-image-resizer-raw-bucket/*\",\n      \"Principal\": {\n        \"Service\": \"cloudfront.amazonaws.com\"\n      },\n      \"Condition\": {\n        \"StringEquals\": {\n          \"AWS:SourceArn\": \"arn:aws:cloudfront::739275445912:distribution/E3O1RCUVS2S7BY\"\n        }\n      }\n    }\n  ]\n}",
            "minified_json": "{\"Version\":\"2012-10-17\",\"Statement\":[{\"Sid\":\"AllowCloudFrontServicePrincipalReadWrite\",\"Effect\":\"Allow\",\"Action\":\"s3:GetObject\",\"Resource\":\"arn:aws:s3:::abhradippaul-image-resizer-raw-bucket/*\",\"Principal\":{\"Service\":\"cloudfront.amazonaws.com\"},\"Condition\":{\"StringEquals\":{\"AWS:SourceArn\":\"arn:aws:cloudfront::739275445912:distribution/E3O1RCUVS2S7BY\"}}}]}",
            "override_json": null,
            "override_policy_documents": null,
            "policy_id": null,
            "source_json": null,
            "source_policy_documents": null,
            "statement": [
              {
                "actions": [
                  "s3:GetObject"
                ],
                "condition": [
                  {
                    "test": "StringEquals",
                    "values": [
                      "arn:aws:cloudfront::739275445912:distribution/E3O1RCUVS2S7BY"
                    ],
                    "variable": "AWS:SourceArn"
                  }
                ],
                "effect": "Allow",
                "not_actions": [],
                "not_principals": [],
                "not_resources": [],
                "principals": [
                  {
                    "identifiers": [
                      "cloudfront.amazonaws.com"
                    ],
                    "type": "Service"
                  }
                ],
                "resources": [
                  "arn:aws:s3:::abhradippaul-image-resizer-raw-bucket/*"
                ],
                "sid": "AllowCloudFrontServicePrincipalReadWrite"
              }
            ],
            "version": "2012-10-17"
          },
          "sensitive_attributes": [],
          "identity_schema_version": 0
        }
      ]
    },
    {
      "module": "module.raw_bucket",
      "mode": "managed",
      "type": "aws_s3_bucket",
      "name": "bucket",
      "provider": "provider[\"registry.terraform.io/hashicorp/aws\"]",
      "instances": [
        {
          "schema_version": 0,
          "attributes": {
            "acceleration_status": "",
            "acl": null,
            "arn": "arn:aws:s3:::abhradippaul-image-resizer-raw-bucket",
            "bucket": "abhradippaul-image-resizer-raw-bucket",
            "bucket_domain_name": "abhradippaul-image-resizer-raw-bucket.s3.amazonaws.com",
            "bucket_prefix": "",
            "bucket_region": "ap-south-1",
            "bucket_regional_domain_name": "abhradippaul-image-resizer-raw-bucket.s3.ap-south-1.amazonaws.com",
            "cors_rule": [
              {
                "allowed_headers": [],
                "allowed_methods": [
                  "GET"
                ],
                "allowed_origins": [
                  "*"
                ],
                "expose_headers": [],
                "max_age_seconds": 0
              },
              {
                "allowed_headers": [
                  "*"
                ],
                "allowed_methods": [
                  "POST",
                  "PUT"
                ],
                "allowed_origins": [
                  "*"
                ],
                "expose_headers": [],
                "max_age_seconds": 3000
              }
            ],
            "force_destroy": true,
            "grant": [
              {
                "id": "e8a820c28f27ac856fd9fd779662e28e82e94d45268b611835defc1fc7e8fb7d",
                "permissions": [
                  "FULL_CONTROL"
                ],
                "type": "CanonicalUser",
                "uri": ""
              }
            ],
            "hosted_zone_id": "Z11RGJOFQNVJUP",
            "id": "abhradippaul-image-resizer-raw-bucket",
            "lifecycle_rule": [],
            "logging": [],
            "object_lock_configuration": [],
            "object_lock_enabled": false,
            "policy": "{\"Statement\":[{\"Action\":\"s3:GetObject\",\"Condition\":{\"StringEquals\":{\"AWS:SourceArn\":\"arn:aws:cloudfront::739275445912:distribution/E3O1RCUVS2S7BY\"}},\"Effect\":\"Allow\",\"Principal\":{\"Service\":\"cloudfront.amazonaws.com\"},\"Resource\":\"arn:aws:s3:::abhradippaul-image-resizer-raw-bucket/*\",\"Sid\":\"AllowCloudFrontServicePrincipalReadWrite\"}],\"Version\":\"2012-10-17\"}",
            "region": "ap-south-1",
            "replication_configuration": [],
            "request_payer": "BucketOwner",
            "server_side_encryption_configuration": [
              {
                "rule": [
                  {
                    "apply_server_side_encryption_by_default": [
                      {
                        "kms_master_key_id": "",
                        "sse_algorithm": "AES256"
                      }
                    ],
                    "bucket_key_enabled": false
                  }
                ]
              }
            ],
            "tags": {
              "Name": "dev"
            },
            "tags_all": {
              "Name": "dev"
            },
            "timeouts": null,
            "versioning": [
              {
                "enabled": false,
                "mfa_delete": false
              }
            ],
            "website": [],
            "website_domain": null,
            "website_endpoint": null
          },
          "sensitive_attributes": [],
          "identity_schema_version": 0,
          "identity": {
            "account_id": "739275445912",
            "bucket": "abhradippaul-image-resizer-raw-bucket",
            "region": "ap-south-1"
          },
          "private": "eyJlMmJmYjczMC1lY2FhLTExZTYtOGY4OC0zNDM2M2JjN2M0YzAiOnsiY3JlYXRlIjoxMjAwMDAwMDAwMDAwLCJkZWxldGUiOjM2MDAwMDAwMDAwMDAsInJlYWQiOjEyMDAwMDAwMDAwMDAsInVwZGF0ZSI6MTIwMDAwMDAwMDAwMH19"
        }
      ]
    },
    {
      "module": "module.raw_bucket",
      "mode": "managed",
      "type": "aws_s3_bucket_cors_configuration",
      "name": "cors_configuration",
      "provider": "provider[\"registry.terraform.io/hashicorp/aws\"]",
      "instances": [
        {
          "schema_version": 0,
          "attributes": {
            "bucket": "abhradippaul-image-resizer-raw-bucket",
            "cors_rule": [
              {
                "allowed_headers": [
                  "*"
                ],
                "allowed_methods": [
                  "POST",
                  "PUT"
                ],
                "allowed_origins": [
                  "*"
                ],
                "expose_headers": [],
                "id": "",
                "max_age_seconds": 3000
              },
              {
                "allowed_headers": [],
                "allowed_methods": [
                  "GET"
                ],
                "allowed_origins": [
                  "*"
                ],
                "expose_headers": [],
                "id": "",
                "max_age_seconds": 0
              }
            ],
            "expected_bucket_owner": "",
            "id": "abhradippaul-image-resizer-raw-bucket",
            "region": "ap-south-1"
          },
          "sensitive_attributes": [],
          "identity_schema_version": 0,
          "identity": {
            "account_id": "739275445912",
            "bucket": "abhradippaul-image-resizer-raw-bucket",
            "expected_bucket_owner": null,
            "region": "ap-south-1"
          },
          "private": "bnVsbA==",
          "dependencies": [
            "module.raw_bucket.aws_s3_bucket.bucket"
          ]
        }
      ]
    },
    {
      "module": "module.raw_bucket",
      "mode": "managed",
      "type": "aws_s3_bucket_policy",
      "name": "allow_public_access",
      "provider": "provider[\"registry.terraform.io/hashicorp/aws\"]",
      "instances": [
        {
          "schema_version": 0,
          "attributes": {
            "bucket": "abhradippaul-image-resizer-raw-bucket",
            "id": "abhradippaul-image-resizer-raw-bucket",
            "policy": "{\"Statement\":[{\"Action\":\"s3:GetObject\",\"Condition\":{\"StringEquals\":{\"AWS:SourceArn\":\"arn:aws:cloudfront::739275445912:distribution/E3O1RCUVS2S7BY\"}},\"Effect\":\"Allow\",\"Principal\":{\"Service\":\"cloudfront.amazonaws.com\"},\"Resource\":\"arn:aws:s3:::abhradippaul-image-resizer-raw-bucket/*\",\"Sid\":\"AllowCloudFrontServicePrincipalReadWrite\"}],\"Version\":\"2012-10-17\"}",
            "region": "ap-south-1"
          },
          "sensitive_attributes": [],
          "identity_schema_version": 0,
          "identity": {
            "account_id": "739275445912",
            "bucket": "abhradippaul-image-resizer-raw-bucket",
            "region": "ap-south-1"
          },
          "private": "bnVsbA==",
          "dependencies": [
            "module.cloudfront.aws_cloudfront_distribution.distribution",
            "module.cloudfront.aws_cloudfront_function.modify_url",
            "module.cloudfront.aws_cloudfront_origin_access_control.default_oac",
            "module.cloudfront.aws_cloudfront_origin_access_control.lambda",
            "module.cloudfront.aws_cloudfront_response_headers_policy.cors",
            "module.cloudfront.data.aws_cloudfront_cache_policy.cache_optimized",
            "module.lambda.aws_iam_role.lambda",
            "module.lambda.aws_lambda_function.url_rewrite",
            "module.lambda.aws_lambda_function_url.image_processor",
            "module.lambda.data.archive_file.lambda_zip",
            "module.lambda.data.aws_iam_policy_document.lambda_assume_role",
            "module.raw_bucket.aws_s3_bucket.bucket",
            "module.raw_bucket.data.aws_iam_policy_document.iam_allow_cloudfront_access",
            "module.transformed_bucket.aws_s3_bucket.bucket"
          ]
        }
      ]
    },
    {
      "module": "module.transformed_bucket",
      "mode": "data",
      "type": "aws_iam_policy_document",
      "name": "iam_allow_cloudfront_access",
      "provider": "provider[\"registry.terraform.io/hashicorp/aws\"]",
      "instances": [
        {
          "schema_version": 0,
          "attributes": {
            "id": "1667822777",
            "json": "{\n  \"Version\": \"2012-10-17\",\n  \"Statement\": [\n    {\n      \"Sid\": \"AllowCloudFrontServicePrincipalReadWrite\",\n      \"Effect\": \"Allow\",\n      \"Action\": \"s3:GetObject\",\n      \"Resource\": \"arn:aws:s3:::abhradippaul-image-resizer-transformed-bucket/*\",\n      \"Principal\": {\n        \"Service\": \"cloudfront.amazonaws.com\"\n      },\n      \"Condition\": {\n        \"StringEquals\": {\n          \"AWS:SourceArn\": \"arn:aws:cloudfront::739275445912:distribution/E3O1RCUVS2S7BY\"\n        }\n      }\n    }\n  ]\n}",
            "minified_json": "{\"Version\":\"2012-10-17\",\"Statement\":[{\"Sid\":\"AllowCloudFrontServicePrincipalReadWrite\",\"Effect\":\"Allow\",\"Action\":\"s3:GetObject\",\"Resource\":\"arn:aws:s3:::abhradippaul-image-resizer-transformed-bucket/*\",\"Principal\":{\"Service\":\"cloudfront.amazonaws.com\"},\"Condition\":{\"StringEquals\":{\"AWS:SourceArn\":\"arn:aws:cloudfront::739275445912:distribution/E3O1RCUVS2S7BY\"}}}]}",
            "override_json": null,
            "override_policy_documents": null,
            "policy_id": null,
            "source_json": null,
            "source_policy_documents": null,
            "statement": [
              {
                "actions": [
                  "s3:GetObject"
                ],
                "condition": [
                  {
                    "test": "StringEquals",
                    "values": [
                      "arn:aws:cloudfront::739275445912:distribution/E3O1RCUVS2S7BY"
                    ],
                    "variable": "AWS:SourceArn"
                  }
                ],
                "effect": "Allow",
                "not_actions": [],
                "not_principals": [],
                "not_resources": [],
                "principals": [
                  {
                    "identifiers": [
                      "cloudfront.amazonaws.com"
                    ],
                    "type": "Service"
                  }
                ],
                "resources": [
                  "arn:aws:s3:::abhradippaul-image-resizer-transformed-bucket/*"
                ],
                "sid": "AllowCloudFrontServicePrincipalReadWrite"
              }
            ],
            "version": "2012-10-17"
          },
          "sensitive_attributes": [],
          "identity_schema_version": 0
        }
      ]
    },
    {
      "module": "module.transformed_bucket",
      "mode": "managed",
      "type": "aws_s3_bucket",
      "name": "bucket",
      "provider": "provider[\"registry.terraform.io/hashicorp/aws\"]",
      "instances": [
        {
          "schema_version": 0,
          "attributes": {
            "acceleration_status": "",
            "acl": null,
            "arn": "arn:aws:s3:::abhradippaul-image-resizer-transformed-bucket",
            "bucket": "abhradippaul-image-resizer-transformed-bucket",
            "bucket_domain_name": "abhradippaul-image-resizer-transformed-bucket.s3.amazonaws.com",
            "bucket_prefix": "",
            "bucket_region": "ap-south-1",
            "bucket_regional_domain_name": "abhradippaul-image-resizer-transformed-bucket.s3.ap-south-1.amazonaws.com",
            "cors_rule": [
              {
                "allowed_headers": [],
                "allowed_methods": [
                  "GET"
                ],
                "allowed_origins": [
                  "*"
                ],
                "expose_headers": [],
                "max_age_seconds": 0
              },
              {
                "allowed_headers": [
                  "*"
                ],
                "allowed_methods": [
                  "POST",
                  "PUT"
                ],
                "allowed_origins": [
                  "*"
                ],
                "expose_headers": [],
                "max_age_seconds": 3000
              }
            ],
            "force_destroy": true,
            "grant": [
              {
                "id": "e8a820c28f27ac856fd9fd779662e28e82e94d45268b611835defc1fc7e8fb7d",
                "permissions": [
                  "FULL_CONTROL"
                ],
                "type": "CanonicalUser",
                "uri": ""
              }
            ],
            "hosted_zone_id": "Z11RGJOFQNVJUP",
            "id": "abhradippaul-image-resizer-transformed-bucket",
            "lifecycle_rule": [],
            "logging": [],
            "object_lock_configuration": [],
            "object_lock_enabled": false,
            "policy": "{\"Statement\":[{\"Action\":\"s3:GetObject\",\"Condition\":{\"StringEquals\":{\"AWS:SourceArn\":\"arn:aws:cloudfront::739275445912:distribution/E3O1RCUVS2S7BY\"}},\"Effect\":\"Allow\",\"Principal\":{\"Service\":\"cloudfront.amazonaws.com\"},\"Resource\":\"arn:aws:s3:::abhradippaul-image-resizer-transformed-bucket/*\",\"Sid\":\"AllowCloudFrontServicePrincipalReadWrite\"}],\"Version\":\"2012-10-17\"}",
            "region": "ap-south-1",
            "replication_configuration": [],
            "request_payer": "BucketOwner",
            "server_side_encryption_configuration": [
              {
                "rule": [
                  {
                    "apply_server_side_encryption_by_default": [
                      {
                        "kms_master_key_id": "",
                        "sse_algorithm": "AES256"
                      }
                    ],
                    "bucket_key_enabled": false
                  }
                ]
              }
            ],
            "tags": {
              "Name": "dev"
            },
            "tags_all": {
              "Name": "dev"
            },
            "timeouts": null,
            "versioning": [
              {
                "enabled": false,
                "mfa_delete": false
              }
            ],
            "website": [],
            "website_domain": null,
            "website_endpoint": null
          },
          "sensitive_attributes": [],
          "identity_schema_version": 0,
          "identity": {
            "account_id": "739275445912",
            "bucket": "abhradippaul-image-resizer-transformed-bucket",
            "region": "ap-south-1"
          },
          "private": "eyJlMmJmYjczMC1lY2FhLTExZTYtOGY4OC0zNDM2M2JjN2M0YzAiOnsiY3JlYXRlIjoxMjAwMDAwMDAwMDAwLCJkZWxldGUiOjM2MDAwMDAwMDAwMDAsInJlYWQiOjEyMDAwMDAwMDAwMDAsInVwZGF0ZSI6MTIwMDAwMDAwMDAwMH19"
        }
      ]
    },
    {
      "module": "module.transformed_bucket",
      "mode": "managed",
      "type": "aws_s3_bucket_cors_configuration",
      "name": "cors_configuration",
      "provider": "provider[\"registry.terraform.io/hashicorp/aws\"]",
      "instances": [
        {
          "schema_version": 0,
          "attributes": {
            "bucket": "abhradippaul-image-resizer-transformed-bucket",
            "cors_rule": [
              {
                "allowed_headers": [
                  "*"
                ],
                "allowed_methods": [
                  "POST",
                  "PUT"
                ],
                "allowed_origins": [
                  "*"
                ],
                "expose_headers": [],
                "id": "",
                "max_age_seconds": 3000
              },
              {
                "allowed_headers": [],
                "allowed_methods": [
                  "GET"
                ],
                "allowed_origins": [
                  "*"
                ],
                "expose_headers": [],
                "id": "",
                "max_age_seconds": 0
              }
            ],
            "expected_bucket_owner": "",
            "id": "abhradippaul-image-resizer-transformed-bucket",
            "region": "ap-south-1"
          },
          "sensitive_attributes": [],
          "identity_schema_version": 0,
          "identity": {
            "account_id": "739275445912",
            "bucket": "abhradippaul-image-resizer-transformed-bucket",
            "expected_bucket_owner": null,
            "region": "ap-south-1"
          },
          "private": "bnVsbA==",
          "dependencies": [
            "module.transformed_bucket.aws_s3_bucket.bucket"
          ]
        }
      ]
    },
    {
      "module": "module.transformed_bucket",
      "mode": "managed",
      "type": "aws_s3_bucket_policy",
      "name": "allow_public_access",
      "provider": "provider[\"registry.terraform.io/hashicorp/aws\"]",
      "instances": [
        {
          "schema_version": 0,
          "attributes": {
            "bucket": "abhradippaul-image-resizer-transformed-bucket",
            "id": "abhradippaul-image-resizer-transformed-bucket",
            "policy": "{\"Statement\":[{\"Action\":\"s3:GetObject\",\"Condition\":{\"StringEquals\":{\"AWS:SourceArn\":\"arn:aws:cloudfront::739275445912:distribution/E3O1RCUVS2S7BY\"}},\"Effect\":\"Allow\",\"Principal\":{\"Service\":\"cloudfront.amazonaws.com\"},\"Resource\":\"arn:aws:s3:::abhradippaul-image-resizer-transformed-bucket/*\",\"Sid\":\"AllowCloudFrontServicePrincipalReadWrite\"}],\"Version\":\"2012-10-17\"}",
            "region": "ap-south-1"
          },
          "sensitive_attributes": [],
          "identity_schema_version": 0,
          "identity": {
            "account_id": "739275445912",
            "bucket": "abhradippaul-image-resizer-transformed-bucket",
            "region": "ap-south-1"
          },
          "private": "bnVsbA==",
          "dependencies": [
            "module.cloudfront.aws_cloudfront_distribution.distribution",
            "module.cloudfront.aws_cloudfront_function.modify_url",
            "module.cloudfront.aws_cloudfront_origin_access_control.default_oac",
            "module.cloudfront.aws_cloudfront_origin_access_control.lambda",
            "module.cloudfront.aws_cloudfront_response_headers_policy.cors",
            "module.cloudfront.data.aws_cloudfront_cache_policy.cache_optimized",
            "module.lambda.aws_iam_role.lambda",
            "module.lambda.aws_lambda_function.url_rewrite",
            "module.lambda.aws_lambda_function_url.image_processor",
            "module.lambda.data.archive_file.lambda_zip",
            "module.lambda.data.aws_iam_policy_document.lambda_assume_role",
            "module.raw_bucket.aws_s3_bucket.bucket",
            "module.transformed_bucket.aws_s3_bucket.bucket",
            "module.transformed_bucket.data.aws_iam_policy_document.iam_allow_cloudfront_access"
          ]
        }
      ]
    }
  ],
  "check_results": null
}
